
Microsoft Visual Studio Solution File, Format Version 12.00
# Visual Studio 15
VisualStudioVersion = 15.0.27004.2006
MinimumVisualStudioVersion = 10.0.40219.1
Project("{FAE04EC0-301F-11D3-BF4B-00C04F79EFBC}") = "1003HW", "1003HW\1003HW.csproj", "{18A1E18A-A56C-47F1-8BD6-52F0D92907BD}"
EndProject
Global
	GlobalSection(SolutionConfigurationPlatforms) = preSolution
		Debug|Any CPU = Debug|Any CPU
		Release|Any CPU = Release|Any CPU
	EndGlobalSection
	GlobalSection(ProjectConfigurationPlatforms) = postSolution
		{18A1E18A-A56C-47F1-8BD6-52F0D92907BD}.Debug|Any CPU.ActiveCfg = Debug|Any CPU
		{18A1E18A-A56C-47F1-8BD6-52F0D92907BD}.Debug|Any CPU.Build.0 = Debug|Any CPU
		{18A1E18A-A56C-47F1-8BD6-52F0D92907BD}.Release|Any CPU.ActiveCfg = Release|Any CPU
		{18A1E18A-A56C-47F1-8BD6-52F0D92907BD}.Release|Any CPU.Build.0 = Release|Any CPU
	EndGlobalSection
	GlobalSection(SolutionProperties) = preSolution
		HideSolutionNode = FALSE
	EndGlobalSection
	GlobalSection(ExtensibilityGlobals) = postSolution
		SolutionGuid = {9C379578-E7DC-4B7D-A934-5FEBFEFA16F2}
	EndGlobalSection
EndGlobal
